
Microsoft Visual Studio Solution File, Format Version 12.00
# Visual Studio Version 17
VisualStudioVersion = 17.10.35013.160
MinimumVisualStudioVersion = 10.0.40219.1
Project("{FAE04EC0-301F-11D3-BF4B-00C04F79EFBC}") = "Proyecto-arbol", "Proyecto-arbol\Proyecto-arbol.csproj", "{7DC0FA48-2C4C-4404-AE8A-4B9F95DD6662}"
EndProject
Global
	GlobalSection(SolutionConfigurationPlatforms) = preSolution
		Debug|Any CPU = Debug|Any CPU
		Release|Any CPU = Release|Any CPU
	EndGlobalSection
	GlobalSection(ProjectConfigurationPlatforms) = postSolution
		{7DC0FA48-2C4C-4404-AE8A-4B9F95DD6662}.Debug|Any CPU.ActiveCfg = Debug|Any CPU
		{7DC0FA48-2C4C-4404-AE8A-4B9F95DD6662}.Debug|Any CPU.Build.0 = Debug|Any CPU
		{7DC0FA48-2C4C-4404-AE8A-4B9F95DD6662}.Release|Any CPU.ActiveCfg = Release|Any CPU
		{7DC0FA48-2C4C-4404-AE8A-4B9F95DD6662}.Release|Any CPU.Build.0 = Release|Any CPU
	EndGlobalSection
	GlobalSection(SolutionProperties) = preSolution
		HideSolutionNode = FALSE
	EndGlobalSection
	GlobalSection(ExtensibilityGlobals) = postSolution
		SolutionGuid = {391A34DB-E421-4328-B294-4F65517FD42D}
	EndGlobalSection
EndGlobal
